{
  "meteor": {},
  "dependencies": {
    "basePackages": {
      "router": {},
      "Mesosphere": {},
      "regulate.js": {}
    },
    "packages": {
      "router": {
        "git": "https://github.com/tmeasday/meteor-router.git",
        "tag": "v0.5.1",
        "commit": "32e377c7703bb119acccc859fc7296882903cbe7"
      },
      "Mesosphere": {
        "git": "https://github.com/copleykj/Mesosphere.git",
        "tag": "v0.0.1",
        "commit": "2ebf8bc6bd5267852aa06620f249730b310ccf44"
      },
      "regulate.js": {
        "git": "https://github.com/eddflrs/regulate-meteor.git",
        "tag": "v0.1.3.4",
        "commit": "fabcebbabcc50f0466fbb0cc9a7c3d010ffa25bf"
      },
      "page-js-ie-support": {
        "git": "https://github.com/tmeasday/meteor-page-js-ie-support.git",
        "tag": "v1.3.5",
        "commit": "b99ed8380aefd10b2afc8f18d9eed4dd0d8ea9cb"
      },
      "underscore-string": {
        "git": "https://github.com/possibilities/meteor-underscore-string.git",
        "tag": "v2.2.0rc.1",
        "commit": "dec21fac23310daf76dc19f246749e7beb48af03"
      }
    }
  }
}
